
Microsoft Visual Studio Solution File, Format Version 12.00
# Visual Studio 15
VisualStudioVersion = 15.0.28307.136
MinimumVisualStudioVersion = 10.0.40219.1
Project("{9A19103F-16F7-4668-BE54-9A1E7A4F7556}") = "LiBook", "E-Library\LiBook.csproj", "{5B62E5DA-4DDC-404A-85A4-2B9132499E05}"
EndProject
Project("{FAE04EC0-301F-11D3-BF4B-00C04F79EFBC}") = "LiBook.Utilities", "LiBook.Utilities\LiBook.Utilities.csproj", "{90FED111-5670-44C9-94DF-143A2B7F984B}"
EndProject
Global
	GlobalSection(SolutionConfigurationPlatforms) = preSolution
		Debug|Any CPU = Debug|Any CPU
		Release|Any CPU = Release|Any CPU
	EndGlobalSection
	GlobalSection(ProjectConfigurationPlatforms) = postSolution
		{5B62E5DA-4DDC-404A-85A4-2B9132499E05}.Debug|Any CPU.ActiveCfg = Debug|Any CPU
		{5B62E5DA-4DDC-404A-85A4-2B9132499E05}.Debug|Any CPU.Build.0 = Debug|Any CPU
		{5B62E5DA-4DDC-404A-85A4-2B9132499E05}.Release|Any CPU.ActiveCfg = Release|Any CPU
		{5B62E5DA-4DDC-404A-85A4-2B9132499E05}.Release|Any CPU.Build.0 = Release|Any CPU
		{90FED111-5670-44C9-94DF-143A2B7F984B}.Debug|Any CPU.ActiveCfg = Debug|Any CPU
		{90FED111-5670-44C9-94DF-143A2B7F984B}.Debug|Any CPU.Build.0 = Debug|Any CPU
		{90FED111-5670-44C9-94DF-143A2B7F984B}.Release|Any CPU.ActiveCfg = Release|Any CPU
		{90FED111-5670-44C9-94DF-143A2B7F984B}.Release|Any CPU.Build.0 = Release|Any CPU
	EndGlobalSection
	GlobalSection(SolutionProperties) = preSolution
		HideSolutionNode = FALSE
	EndGlobalSection
	GlobalSection(ExtensibilityGlobals) = postSolution
		SolutionGuid = {27257191-8510-4B34-B2BA-0133B775C973}
	EndGlobalSection
EndGlobal
