
Microsoft Visual Studio Solution File, Format Version 12.00
# Visual Studio 15
VisualStudioVersion = 15.0.28307.136
MinimumVisualStudioVersion = 10.0.40219.1
Project("{9A19103F-16F7-4668-BE54-9A1E7A4F7556}") = "LiBook", "E-Library\LiBook.csproj", "{5B62E5DA-4DDC-404A-85A4-2B9132499E05}"
EndProject
Project("{9A19103F-16F7-4668-BE54-9A1E7A4F7556}") = "LiBook.Utilities", "LiBook.Utilities\LiBook.Utilities.csproj", "{90FED111-5670-44C9-94DF-143A2B7F984B}"
EndProject
Project("{9A19103F-16F7-4668-BE54-9A1E7A4F7556}") = "LiBook.Data", "LiBook.Data\LiBook.Data.csproj", "{39E5C4AB-78DD-4AAC-84B7-53325977A57B}"
EndProject
Project("{9A19103F-16F7-4668-BE54-9A1E7A4F7556}") = "LiBook.Services", "LiBook.Services\LiBook.Services.csproj", "{3907B26E-68DA-4119-9CEE-0B13A0F29C2D}"
EndProject
Project("{9A19103F-16F7-4668-BE54-9A1E7A4F7556}") = "LiBook.Tests", "LiBook.Tests\LiBook.Tests.csproj", "{62AE88D1-98D9-485E-B517-FE4788701C9E}"
EndProject
Global
	GlobalSection(SolutionConfigurationPlatforms) = preSolution
		Debug|Any CPU = Debug|Any CPU
		Release|Any CPU = Release|Any CPU
	EndGlobalSection
	GlobalSection(ProjectConfigurationPlatforms) = postSolution
		{5B62E5DA-4DDC-404A-85A4-2B9132499E05}.Debug|Any CPU.ActiveCfg = Debug|Any CPU
		{5B62E5DA-4DDC-404A-85A4-2B9132499E05}.Debug|Any CPU.Build.0 = Debug|Any CPU
		{5B62E5DA-4DDC-404A-85A4-2B9132499E05}.Release|Any CPU.ActiveCfg = Release|Any CPU
		{5B62E5DA-4DDC-404A-85A4-2B9132499E05}.Release|Any CPU.Build.0 = Release|Any CPU
		{90FED111-5670-44C9-94DF-143A2B7F984B}.Debug|Any CPU.ActiveCfg = Debug|Any CPU
		{90FED111-5670-44C9-94DF-143A2B7F984B}.Debug|Any CPU.Build.0 = Debug|Any CPU
		{90FED111-5670-44C9-94DF-143A2B7F984B}.Release|Any CPU.ActiveCfg = Release|Any CPU
		{90FED111-5670-44C9-94DF-143A2B7F984B}.Release|Any CPU.Build.0 = Release|Any CPU
		{39E5C4AB-78DD-4AAC-84B7-53325977A57B}.Debug|Any CPU.ActiveCfg = Debug|Any CPU
		{39E5C4AB-78DD-4AAC-84B7-53325977A57B}.Debug|Any CPU.Build.0 = Debug|Any CPU
		{39E5C4AB-78DD-4AAC-84B7-53325977A57B}.Release|Any CPU.ActiveCfg = Release|Any CPU
		{39E5C4AB-78DD-4AAC-84B7-53325977A57B}.Release|Any CPU.Build.0 = Release|Any CPU
		{3907B26E-68DA-4119-9CEE-0B13A0F29C2D}.Debug|Any CPU.ActiveCfg = Debug|Any CPU
		{3907B26E-68DA-4119-9CEE-0B13A0F29C2D}.Debug|Any CPU.Build.0 = Debug|Any CPU
		{3907B26E-68DA-4119-9CEE-0B13A0F29C2D}.Release|Any CPU.ActiveCfg = Release|Any CPU
		{3907B26E-68DA-4119-9CEE-0B13A0F29C2D}.Release|Any CPU.Build.0 = Release|Any CPU
		{62AE88D1-98D9-485E-B517-FE4788701C9E}.Debug|Any CPU.ActiveCfg = Debug|Any CPU
		{62AE88D1-98D9-485E-B517-FE4788701C9E}.Debug|Any CPU.Build.0 = Debug|Any CPU
		{62AE88D1-98D9-485E-B517-FE4788701C9E}.Release|Any CPU.ActiveCfg = Release|Any CPU
		{62AE88D1-98D9-485E-B517-FE4788701C9E}.Release|Any CPU.Build.0 = Release|Any CPU
	EndGlobalSection
	GlobalSection(SolutionProperties) = preSolution
		HideSolutionNode = FALSE
	EndGlobalSection
	GlobalSection(ExtensibilityGlobals) = postSolution
		SolutionGuid = {27257191-8510-4B34-B2BA-0133B775C973}
	EndGlobalSection
EndGlobal
